Microsoft Visual Studio Solution File, Format Version 12.00
# Visual Studio Version 17
VisualStudioVersion = 17.0.31903.59
MinimumVisualStudioVersion = 10.0.40219.1
Project("{2150E333-8FDC-42A3-9474-1A3956D46DE8}") = "src", "src", "{2F0C5588-BB2A-4690-820C-C769DB17F55D}"
EndProject
Project("{FAE04EC0-301F-11D3-BF4B-00C04F79EFBC}") = "Zeepkist.GTR.Companion", "src\Zeepkist.GTR.Companion\Zeepkist.GTR.Companion.csproj", "{8987AD78-4420-42EC-B22F-47C1F40484F9}"
EndProject
Project("{FAE04EC0-301F-11D3-BF4B-00C04F79EFBC}") = "Zeepkist.GTR.Companion.Protocol", "src\Zeepkist.GTR.Companion.Protocol\Zeepkist.GTR.Companion.Protocol.csproj", "{A1452E41-AB58-43D8-94B2-A6853069B3EE}"
EndProject
Project("{FAE04EC0-301F-11D3-BF4B-00C04F79EFBC}") = "Zeepkist.GTR.Companion.Hub", "src\Zeepkist.GTR.Companion.Hub\Zeepkist.GTR.Companion.Hub.csproj", "{B2C37C20-EF61-4F82-8D20-7D98CB516645}"
EndProject
Project("{2150E333-8FDC-42A3-9474-1A3956D46DE8}") = "tests", "tests", "{D449A0C7-185A-42DA-A171-B0A05EA51C13}"
EndProject
Project("{FAE04EC0-301F-11D3-BF4B-00C04F79EFBC}") = "Zeepkist.GTR.Companion.Protocol.Tests", "tests\Zeepkist.GTR.Companion.Protocol.Tests\Zeepkist.GTR.Companion.Protocol.Tests.csproj", "{C331D548-A4EA-4DC8-A12E-7664A1D8E6BA}"
EndProject
Project("{FAE04EC0-301F-11D3-BF4B-00C04F79EFBC}") = "Zeepkist.GTR.Companion.Hub.Tests", "tests\Zeepkist.GTR.Companion.Hub.Tests\Zeepkist.GTR.Companion.Hub.Tests.csproj", "{E5C7B172-7319-4AD1-9285-313DE4A19378}"
EndProject
Global
	GlobalSection(SolutionConfigurationPlatforms) = preSolution
		Debug|Any CPU = Debug|Any CPU
		Release|Any CPU = Release|Any CPU
	EndGlobalSection
	GlobalSection(SolutionProperties) = preSolution
		HideSolutionNode = FALSE
	EndGlobalSection
	GlobalSection(ProjectConfigurationPlatforms) = postSolution
		{8987AD78-4420-42EC-B22F-47C1F40484F9}.Debug|Any CPU.ActiveCfg = Debug|Any CPU
		{8987AD78-4420-42EC-B22F-47C1F40484F9}.Debug|Any CPU.Build.0 = Debug|Any CPU
		{8987AD78-4420-42EC-B22F-47C1F40484F9}.Release|Any CPU.ActiveCfg = Release|Any CPU
		{8987AD78-4420-42EC-B22F-47C1F40484F9}.Release|Any CPU.Build.0 = Release|Any CPU
		{A1452E41-AB58-43D8-94B2-A6853069B3EE}.Debug|Any CPU.ActiveCfg = Debug|Any CPU
		{A1452E41-AB58-43D8-94B2-A6853069B3EE}.Debug|Any CPU.Build.0 = Debug|Any CPU
		{A1452E41-AB58-43D8-94B2-A6853069B3EE}.Release|Any CPU.ActiveCfg = Release|Any CPU
		{A1452E41-AB58-43D8-94B2-A6853069B3EE}.Release|Any CPU.Build.0 = Release|Any CPU
		{B2C37C20-EF61-4F82-8D20-7D98CB516645}.Debug|Any CPU.ActiveCfg = Debug|Any CPU
		{B2C37C20-EF61-4F82-8D20-7D98CB516645}.Debug|Any CPU.Build.0 = Debug|Any CPU
		{B2C37C20-EF61-4F82-8D20-7D98CB516645}.Release|Any CPU.ActiveCfg = Release|Any CPU
		{B2C37C20-EF61-4F82-8D20-7D98CB516645}.Release|Any CPU.Build.0 = Release|Any CPU
		{C331D548-A4EA-4DC8-A12E-7664A1D8E6BA}.Debug|Any CPU.ActiveCfg = Debug|Any CPU
		{C331D548-A4EA-4DC8-A12E-7664A1D8E6BA}.Debug|Any CPU.Build.0 = Debug|Any CPU
		{C331D548-A4EA-4DC8-A12E-7664A1D8E6BA}.Release|Any CPU.ActiveCfg = Release|Any CPU
		{C331D548-A4EA-4DC8-A12E-7664A1D8E6BA}.Release|Any CPU.Build.0 = Release|Any CPU
		{E5C7B172-7319-4AD1-9285-313DE4A19378}.Debug|Any CPU.ActiveCfg = Debug|Any CPU
		{E5C7B172-7319-4AD1-9285-313DE4A19378}.Debug|Any CPU.Build.0 = Debug|Any CPU
		{E5C7B172-7319-4AD1-9285-313DE4A19378}.Release|Any CPU.ActiveCfg = Release|Any CPU
		{E5C7B172-7319-4AD1-9285-313DE4A19378}.Release|Any CPU.Build.0 = Release|Any CPU
	EndGlobalSection
	GlobalSection(NestedProjects) = preSolution
		{8987AD78-4420-42EC-B22F-47C1F40484F9} = {2F0C5588-BB2A-4690-820C-C769DB17F55D}
		{A1452E41-AB58-43D8-94B2-A6853069B3EE} = {2F0C5588-BB2A-4690-820C-C769DB17F55D}
		{B2C37C20-EF61-4F82-8D20-7D98CB516645} = {2F0C5588-BB2A-4690-820C-C769DB17F55D}
		{C331D548-A4EA-4DC8-A12E-7664A1D8E6BA} = {D449A0C7-185A-42DA-A171-B0A05EA51C13}
		{E5C7B172-7319-4AD1-9285-313DE4A19378} = {D449A0C7-185A-42DA-A171-B0A05EA51C13}
	EndGlobalSection
EndGlobal
